
Microsoft Visual Studio Solution File, Format Version 12.00
# Visual Studio Version 17
VisualStudioVersion = 17.14.36414.22
MinimumVisualStudioVersion = 10.0.40219.1
Project("{FAE04EC0-301F-11D3-BF4B-00C04F79EFBC}") = "Tyuiu.Kazhahmetov.Sprint2.Task0.V25", "Tyuiu.Kazhahmetov.Sprint2.Task0\Tyuiu.Kazhahmetov.Sprint2.Task0.V25.csproj", "{D1892C9D-2332-4F1F-8B1E-E3ED855F2D9F}"
EndProject
Project("{FAE04EC0-301F-11D3-BF4B-00C04F79EFBC}") = "Tyuiu.Kazhahmetov.Sprint2.Task0.V25.Lib", "Tyuiu.Kazhahmetov.Sprint2.Task0.Lib\Tyuiu.Kazhahmetov.Sprint2.Task0.V25.Lib.csproj", "{B4EF9448-93A0-4755-BAE5-9B01B6C2D563}"
EndProject
Project("{FAE04EC0-301F-11D3-BF4B-00C04F79EFBC}") = "Tyuiu.Kazhahmetov.Sprint2.Task0.V25.Test", "Tyuiu.Kazhahmetov.Sprint2.Task0.Test\Tyuiu.Kazhahmetov.Sprint2.Task0.V25.Test.csproj", "{A6FF24BD-AAE4-47BC-A43F-CF2699F5CABA}"
EndProject
Project("{2150E333-8FDC-42A3-9474-1A3956D46DE8}") = "Task0", "Task0", "{96DE4817-06C5-47EC-A87F-2E83624C5379}"
EndProject
Project("{2150E333-8FDC-42A3-9474-1A3956D46DE8}") = "Task1", "Task1", "{02EA681E-C7D8-13C7-8484-4AC65E1B71E8}"
EndProject
Project("{FAE04EC0-301F-11D3-BF4B-00C04F79EFBC}") = "Tyuiu.Kazhahmetov.Sprint2.Task1.V16", "Tyuiu.Kazhahmetov.Sprint2.Task1.V16\Tyuiu.Kazhahmetov.Sprint2.Task1.V16.csproj", "{F7E40803-1454-4EF4-A9CB-9C41A4DB8481}"
EndProject
Project("{FAE04EC0-301F-11D3-BF4B-00C04F79EFBC}") = "Tyuiu.Kazhahmetov.Sprint2.Task1.V16.Lib", "Tyuiu.Kazhahmetov.Sprint2.Task1.V16.Lib\Tyuiu.Kazhahmetov.Sprint2.Task1.V16.Lib.csproj", "{4071BA0E-6582-47E9-B06A-D67B33DAF4AB}"
EndProject
Project("{FAE04EC0-301F-11D3-BF4B-00C04F79EFBC}") = "Tyuiu.Kazhahmetov.Sprint2.Task1.V16.Test", "Tyuiu.Kazhahmetov.Sprint2.Task1.V16.Test\Tyuiu.Kazhahmetov.Sprint2.Task1.V16.Test.csproj", "{8417A2A7-5AA5-41AE-9F1D-A09FE9D00713}"
EndProject
Project("{2150E333-8FDC-42A3-9474-1A3956D46DE8}") = "Task2", "Task2", "{70E7A879-64AA-4BA7-96DF-EAB92933A102}"
EndProject
Project("{FAE04EC0-301F-11D3-BF4B-00C04F79EFBC}") = "Tyuiu.Kazhahmetov.Sprint2.Task2.V11", "Tyuiu.Kazhahmetov.Sprint2.Task2.V11\Tyuiu.Kazhahmetov.Sprint2.Task2.V11.csproj", "{6FCD7D65-45D0-43B2-8D65-B05EFB52D102}"
EndProject
Project("{FAE04EC0-301F-11D3-BF4B-00C04F79EFBC}") = "Tyuiu.Kazhahmetov.Sprint2.Task2.V11.Lib", "Tyuiu.Kazhahmetov.Sprint2.Task2.V11.Lib\Tyuiu.Kazhahmetov.Sprint2.Task2.V11.Lib.csproj", "{FA45F4C3-0D69-420A-8F25-5127FF1C0F56}"
EndProject
Project("{FAE04EC0-301F-11D3-BF4B-00C04F79EFBC}") = "Tyuiu.Kazhahmetov.Sprint2.Task2.V11.Test", "Tyuiu.Kazhahmetov.Sprint2.Task2.V11.Test\Tyuiu.Kazhahmetov.Sprint2.Task2.V11.Test.csproj", "{0E73583F-C84F-48E6-AB43-DCA4572F853A}"
EndProject
Project("{2150E333-8FDC-42A3-9474-1A3956D46DE8}") = "Task3", "Task3", "{4EAE941A-C9BC-42E9-9C8C-26E6BF454F9E}"
EndProject
Project("{FAE04EC0-301F-11D3-BF4B-00C04F79EFBC}") = "Tyuiu.Kazhahmetov.Sprint2.Task3.V12", "Tyuiu.Kazhahmetov.Sprint2.Task3.V12\Tyuiu.Kazhahmetov.Sprint2.Task3.V12.csproj", "{30F86904-DEC8-464D-862D-1D9045D5C92A}"
EndProject
Project("{FAE04EC0-301F-11D3-BF4B-00C04F79EFBC}") = "Tyuiu.Kazhahmetov.Sprint2.Task3.V12.Lib", "Tyuiu.Kazhahmetov.Sprint2.Task3.V12.Lib\Tyuiu.Kazhahmetov.Sprint2.Task3.V12.Lib.csproj", "{44E0231B-0566-44D3-AC8E-6392A14A8528}"
EndProject
Project("{FAE04EC0-301F-11D3-BF4B-00C04F79EFBC}") = "Tyuiu.Kazhahmetov.Sprint2.Task3.V12.Test", "Tyuiu.Kazhahmetov.Sprint2.Task3.V12.Test\Tyuiu.Kazhahmetov.Sprint2.Task3.V12.Test.csproj", "{D7A57E27-EE8D-4ABE-87A2-F14F1A907114}"
EndProject
Project("{2150E333-8FDC-42A3-9474-1A3956D46DE8}") = "Task4", "Task4", "{FEFB5C1D-42B2-4AA2-8246-E7091DDE3100}"
EndProject
Project("{FAE04EC0-301F-11D3-BF4B-00C04F79EFBC}") = "Tyuiu.Kazhahmetov.Sprint2.Task4.V19", "Tyuiu.Kazhahmetov.Sprint2.Task4.V19\Tyuiu.Kazhahmetov.Sprint2.Task4.V19.csproj", "{C557D8EA-1CB9-4E3E-B5EE-E5FCB43B576C}"
EndProject
Project("{FAE04EC0-301F-11D3-BF4B-00C04F79EFBC}") = "Tyuiu.Kazhahmetov.Sprint2.Task4.V19.Lib", "Tyuiu.Kazhahmetov.Sprint2.Task4.V19.Lib\Tyuiu.Kazhahmetov.Sprint2.Task4.V19.Lib.csproj", "{7C279C8E-92C8-4C82-BF0E-30D5273D669C}"
EndProject
Project("{FAE04EC0-301F-11D3-BF4B-00C04F79EFBC}") = "Tyuiu.Kazhahmetov.Sprint2.Task4.V19.Test", "Tyuiu.Kazhahmetov.Sprint2.Task4.V19.Test\Tyuiu.Kazhahmetov.Sprint2.Task4.V19.Test.csproj", "{DBB519C4-88BF-4506-B8D3-9DEAF62C48F7}"
EndProject
Project("{2150E333-8FDC-42A3-9474-1A3956D46DE8}") = "Task5", "Task5", "{9834A308-E6B7-4167-BD80-85971FC25662}"
EndProject
Project("{FAE04EC0-301F-11D3-BF4B-00C04F79EFBC}") = "Tyuiu.Kazhahmetov.Sprint2.Task5.V3", "Tyuiu.Kazhahmetov.Sprint2.Task5.V3\Tyuiu.Kazhahmetov.Sprint2.Task5.V3.csproj", "{D7D6F1A4-A15F-4042-AFB9-95AD18759DA2}"
EndProject
Project("{FAE04EC0-301F-11D3-BF4B-00C04F79EFBC}") = "Tyuiu.Kazhahmetov.Sprint2.Task5.V3.Lib", "Tyuiu.Kazhahmetov.Sprint2.Task5.V3.Lib\Tyuiu.Kazhahmetov.Sprint2.Task5.V3.Lib.csproj", "{32C2A695-D45E-4F85-BEB0-AF5EA90E2D46}"
EndProject
Project("{FAE04EC0-301F-11D3-BF4B-00C04F79EFBC}") = "Tyuiu.Kazhahmetov.Sprint2.Task5.V3.Test", "Tyuiu.Kazhahmetov.Sprint2.Task5.V3.Test\Tyuiu.Kazhahmetov.Sprint2.Task5.V3.Test.csproj", "{E98185D4-40C3-4352-BA27-D79E1111CB18}"
EndProject
Global
	GlobalSection(SolutionConfigurationPlatforms) = preSolution
		Debug|Any CPU = Debug|Any CPU
		Release|Any CPU = Release|Any CPU
	EndGlobalSection
	GlobalSection(ProjectConfigurationPlatforms) = postSolution
		{D1892C9D-2332-4F1F-8B1E-E3ED855F2D9F}.Debug|Any CPU.ActiveCfg = Debug|Any CPU
		{D1892C9D-2332-4F1F-8B1E-E3ED855F2D9F}.Debug|Any CPU.Build.0 = Debug|Any CPU
		{D1892C9D-2332-4F1F-8B1E-E3ED855F2D9F}.Release|Any CPU.ActiveCfg = Release|Any CPU
		{D1892C9D-2332-4F1F-8B1E-E3ED855F2D9F}.Release|Any CPU.Build.0 = Release|Any CPU
		{B4EF9448-93A0-4755-BAE5-9B01B6C2D563}.Debug|Any CPU.ActiveCfg = Debug|Any CPU
		{B4EF9448-93A0-4755-BAE5-9B01B6C2D563}.Debug|Any CPU.Build.0 = Debug|Any CPU
		{B4EF9448-93A0-4755-BAE5-9B01B6C2D563}.Release|Any CPU.ActiveCfg = Release|Any CPU
		{B4EF9448-93A0-4755-BAE5-9B01B6C2D563}.Release|Any CPU.Build.0 = Release|Any CPU
		{A6FF24BD-AAE4-47BC-A43F-CF2699F5CABA}.Debug|Any CPU.ActiveCfg = Debug|Any CPU
		{A6FF24BD-AAE4-47BC-A43F-CF2699F5CABA}.Debug|Any CPU.Build.0 = Debug|Any CPU
		{A6FF24BD-AAE4-47BC-A43F-CF2699F5CABA}.Release|Any CPU.ActiveCfg = Release|Any CPU
		{A6FF24BD-AAE4-47BC-A43F-CF2699F5CABA}.Release|Any CPU.Build.0 = Release|Any CPU
		{F7E40803-1454-4EF4-A9CB-9C41A4DB8481}.Debug|Any CPU.ActiveCfg = Debug|Any CPU
		{F7E40803-1454-4EF4-A9CB-9C41A4DB8481}.Debug|Any CPU.Build.0 = Debug|Any CPU
		{F7E40803-1454-4EF4-A9CB-9C41A4DB8481}.Release|Any CPU.ActiveCfg = Release|Any CPU
		{F7E40803-1454-4EF4-A9CB-9C41A4DB8481}.Release|Any CPU.Build.0 = Release|Any CPU
		{4071BA0E-6582-47E9-B06A-D67B33DAF4AB}.Debug|Any CPU.ActiveCfg = Debug|Any CPU
		{4071BA0E-6582-47E9-B06A-D67B33DAF4AB}.Debug|Any CPU.Build.0 = Debug|Any CPU
		{4071BA0E-6582-47E9-B06A-D67B33DAF4AB}.Release|Any CPU.ActiveCfg = Release|Any CPU
		{4071BA0E-6582-47E9-B06A-D67B33DAF4AB}.Release|Any CPU.Build.0 = Release|Any CPU
		{8417A2A7-5AA5-41AE-9F1D-A09FE9D00713}.Debug|Any CPU.ActiveCfg = Debug|Any CPU
		{8417A2A7-5AA5-41AE-9F1D-A09FE9D00713}.Debug|Any CPU.Build.0 = Debug|Any CPU
		{8417A2A7-5AA5-41AE-9F1D-A09FE9D00713}.Release|Any CPU.ActiveCfg = Release|Any CPU
		{8417A2A7-5AA5-41AE-9F1D-A09FE9D00713}.Release|Any CPU.Build.0 = Release|Any CPU
		{6FCD7D65-45D0-43B2-8D65-B05EFB52D102}.Debug|Any CPU.ActiveCfg = Debug|Any CPU
		{6FCD7D65-45D0-43B2-8D65-B05EFB52D102}.Debug|Any CPU.Build.0 = Debug|Any CPU
		{6FCD7D65-45D0-43B2-8D65-B05EFB52D102}.Release|Any CPU.ActiveCfg = Release|Any CPU
		{6FCD7D65-45D0-43B2-8D65-B05EFB52D102}.Release|Any CPU.Build.0 = Release|Any CPU
		{FA45F4C3-0D69-420A-8F25-5127FF1C0F56}.Debug|Any CPU.ActiveCfg = Debug|Any CPU
		{FA45F4C3-0D69-420A-8F25-5127FF1C0F56}.Debug|Any CPU.Build.0 = Debug|Any CPU
		{FA45F4C3-0D69-420A-8F25-5127FF1C0F56}.Release|Any CPU.ActiveCfg = Release|Any CPU
		{FA45F4C3-0D69-420A-8F25-5127FF1C0F56}.Release|Any CPU.Build.0 = Release|Any CPU
		{0E73583F-C84F-48E6-AB43-DCA4572F853A}.Debug|Any CPU.ActiveCfg = Debug|Any CPU
		{0E73583F-C84F-48E6-AB43-DCA4572F853A}.Debug|Any CPU.Build.0 = Debug|Any CPU
		{0E73583F-C84F-48E6-AB43-DCA4572F853A}.Release|Any CPU.ActiveCfg = Release|Any CPU
		{0E73583F-C84F-48E6-AB43-DCA4572F853A}.Release|Any CPU.Build.0 = Release|Any CPU
		{30F86904-DEC8-464D-862D-1D9045D5C92A}.Debug|Any CPU.ActiveCfg = Debug|Any CPU
		{30F86904-DEC8-464D-862D-1D9045D5C92A}.Debug|Any CPU.Build.0 = Debug|Any CPU
		{30F86904-DEC8-464D-862D-1D9045D5C92A}.Release|Any CPU.ActiveCfg = Release|Any CPU
		{30F86904-DEC8-464D-862D-1D9045D5C92A}.Release|Any CPU.Build.0 = Release|Any CPU
		{44E0231B-0566-44D3-AC8E-6392A14A8528}.Debug|Any CPU.ActiveCfg = Debug|Any CPU
		{44E0231B-0566-44D3-AC8E-6392A14A8528}.Debug|Any CPU.Build.0 = Debug|Any CPU
		{44E0231B-0566-44D3-AC8E-6392A14A8528}.Release|Any CPU.ActiveCfg = Release|Any CPU
		{44E0231B-0566-44D3-AC8E-6392A14A8528}.Release|Any CPU.Build.0 = Release|Any CPU
		{D7A57E27-EE8D-4ABE-87A2-F14F1A907114}.Debug|Any CPU.ActiveCfg = Debug|Any CPU
		{D7A57E27-EE8D-4ABE-87A2-F14F1A907114}.Debug|Any CPU.Build.0 = Debug|Any CPU
		{D7A57E27-EE8D-4ABE-87A2-F14F1A907114}.Release|Any CPU.ActiveCfg = Release|Any CPU
		{D7A57E27-EE8D-4ABE-87A2-F14F1A907114}.Release|Any CPU.Build.0 = Release|Any CPU
		{C557D8EA-1CB9-4E3E-B5EE-E5FCB43B576C}.Debug|Any CPU.ActiveCfg = Debug|Any CPU
		{C557D8EA-1CB9-4E3E-B5EE-E5FCB43B576C}.Debug|Any CPU.Build.0 = Debug|Any CPU
		{C557D8EA-1CB9-4E3E-B5EE-E5FCB43B576C}.Release|Any CPU.ActiveCfg = Release|Any CPU
		{C557D8EA-1CB9-4E3E-B5EE-E5FCB43B576C}.Release|Any CPU.Build.0 = Release|Any CPU
		{7C279C8E-92C8-4C82-BF0E-30D5273D669C}.Debug|Any CPU.ActiveCfg = Debug|Any CPU
		{7C279C8E-92C8-4C82-BF0E-30D5273D669C}.Debug|Any CPU.Build.0 = Debug|Any CPU
		{7C279C8E-92C8-4C82-BF0E-30D5273D669C}.Release|Any CPU.ActiveCfg = Release|Any CPU
		{7C279C8E-92C8-4C82-BF0E-30D5273D669C}.Release|Any CPU.Build.0 = Release|Any CPU
		{DBB519C4-88BF-4506-B8D3-9DEAF62C48F7}.Debug|Any CPU.ActiveCfg = Debug|Any CPU
		{DBB519C4-88BF-4506-B8D3-9DEAF62C48F7}.Debug|Any CPU.Build.0 = Debug|Any CPU
		{DBB519C4-88BF-4506-B8D3-9DEAF62C48F7}.Release|Any CPU.ActiveCfg = Release|Any CPU
		{DBB519C4-88BF-4506-B8D3-9DEAF62C48F7}.Release|Any CPU.Build.0 = Release|Any CPU
		{D7D6F1A4-A15F-4042-AFB9-95AD18759DA2}.Debug|Any CPU.ActiveCfg = Debug|Any CPU
		{D7D6F1A4-A15F-4042-AFB9-95AD18759DA2}.Debug|Any CPU.Build.0 = Debug|Any CPU
		{D7D6F1A4-A15F-4042-AFB9-95AD18759DA2}.Release|Any CPU.ActiveCfg = Release|Any CPU
		{D7D6F1A4-A15F-4042-AFB9-95AD18759DA2}.Release|Any CPU.Build.0 = Release|Any CPU
		{32C2A695-D45E-4F85-BEB0-AF5EA90E2D46}.Debug|Any CPU.ActiveCfg = Debug|Any CPU
		{32C2A695-D45E-4F85-BEB0-AF5EA90E2D46}.Debug|Any CPU.Build.0 = Debug|Any CPU
		{32C2A695-D45E-4F85-BEB0-AF5EA90E2D46}.Release|Any CPU.ActiveCfg = Release|Any CPU
		{32C2A695-D45E-4F85-BEB0-AF5EA90E2D46}.Release|Any CPU.Build.0 = Release|Any CPU
		{E98185D4-40C3-4352-BA27-D79E1111CB18}.Debug|Any CPU.ActiveCfg = Debug|Any CPU
		{E98185D4-40C3-4352-BA27-D79E1111CB18}.Debug|Any CPU.Build.0 = Debug|Any CPU
		{E98185D4-40C3-4352-BA27-D79E1111CB18}.Release|Any CPU.ActiveCfg = Release|Any CPU
		{E98185D4-40C3-4352-BA27-D79E1111CB18}.Release|Any CPU.Build.0 = Release|Any CPU
	EndGlobalSection
	GlobalSection(SolutionProperties) = preSolution
		HideSolutionNode = FALSE
	EndGlobalSection
	GlobalSection(NestedProjects) = preSolution
		{D1892C9D-2332-4F1F-8B1E-E3ED855F2D9F} = {96DE4817-06C5-47EC-A87F-2E83624C5379}
		{B4EF9448-93A0-4755-BAE5-9B01B6C2D563} = {96DE4817-06C5-47EC-A87F-2E83624C5379}
		{A6FF24BD-AAE4-47BC-A43F-CF2699F5CABA} = {96DE4817-06C5-47EC-A87F-2E83624C5379}
		{F7E40803-1454-4EF4-A9CB-9C41A4DB8481} = {02EA681E-C7D8-13C7-8484-4AC65E1B71E8}
		{4071BA0E-6582-47E9-B06A-D67B33DAF4AB} = {02EA681E-C7D8-13C7-8484-4AC65E1B71E8}
		{8417A2A7-5AA5-41AE-9F1D-A09FE9D00713} = {02EA681E-C7D8-13C7-8484-4AC65E1B71E8}
		{6FCD7D65-45D0-43B2-8D65-B05EFB52D102} = {70E7A879-64AA-4BA7-96DF-EAB92933A102}
		{FA45F4C3-0D69-420A-8F25-5127FF1C0F56} = {70E7A879-64AA-4BA7-96DF-EAB92933A102}
		{0E73583F-C84F-48E6-AB43-DCA4572F853A} = {70E7A879-64AA-4BA7-96DF-EAB92933A102}
		{30F86904-DEC8-464D-862D-1D9045D5C92A} = {4EAE941A-C9BC-42E9-9C8C-26E6BF454F9E}
		{44E0231B-0566-44D3-AC8E-6392A14A8528} = {4EAE941A-C9BC-42E9-9C8C-26E6BF454F9E}
		{D7A57E27-EE8D-4ABE-87A2-F14F1A907114} = {4EAE941A-C9BC-42E9-9C8C-26E6BF454F9E}
		{C557D8EA-1CB9-4E3E-B5EE-E5FCB43B576C} = {FEFB5C1D-42B2-4AA2-8246-E7091DDE3100}
		{7C279C8E-92C8-4C82-BF0E-30D5273D669C} = {FEFB5C1D-42B2-4AA2-8246-E7091DDE3100}
		{DBB519C4-88BF-4506-B8D3-9DEAF62C48F7} = {FEFB5C1D-42B2-4AA2-8246-E7091DDE3100}
		{D7D6F1A4-A15F-4042-AFB9-95AD18759DA2} = {9834A308-E6B7-4167-BD80-85971FC25662}
		{32C2A695-D45E-4F85-BEB0-AF5EA90E2D46} = {9834A308-E6B7-4167-BD80-85971FC25662}
		{E98185D4-40C3-4352-BA27-D79E1111CB18} = {9834A308-E6B7-4167-BD80-85971FC25662}
	EndGlobalSection
	GlobalSection(ExtensibilityGlobals) = postSolution
		SolutionGuid = {1B6A3307-BF74-477F-B06F-9AD629566710}
	EndGlobalSection
EndGlobal
